// !$*UTF8*$!
{
	archiveVersion = 1;
	classes = {
	};
	objectVersion = 50;
	objects = {

/* Begin PBXBuildFile section */
		54213BB9233F0B8E00DF10C2 /* AppDelegate.swift in Sources */ = {isa = PBXBuildFile; fileRef = 54213BB8233F0B8E00DF10C2 /* AppDelegate.swift */; };
		54213BBB233F0B8E00DF10C2 /* SceneDelegate.swift in Sources */ = {isa = PBXBuildFile; fileRef = 54213BBA233F0B8E00DF10C2 /* SceneDelegate.swift */; };
		54213BBD233F0B8E00DF10C2 /* ContentView.swift in Sources */ = {isa = PBXBuildFile; fileRef = 54213BBC233F0B8E00DF10C2 /* ContentView.swift */; };
		54213BBF233F0BA100DF10C2 /* Assets.xcassets in Resources */ = {isa = PBXBuildFile; fileRef = 54213BBE233F0BA100DF10C2 /* Assets.xcassets */; };
		54213BC2233F0BA100DF10C2 /* Preview Assets.xcassets in Resources */ = {isa = PBXBuildFile; fileRef = 54213BC1233F0BA100DF10C2 /* Preview Assets.xcassets */; };
		54213BC5233F0BA100DF10C2 /* LaunchScreen.storyboard in Resources */ = {isa = PBXBuildFile; fileRef = 54213BC3233F0BA100DF10C2 /* LaunchScreen.storyboard */; };
		54213BD0233F0BA200DF10C2 /* LiveSurfaceTests.swift in Sources */ = {isa = PBXBuildFile; fileRef = 54213BCF233F0BA200DF10C2 /* LiveSurfaceTests.swift */; };
		54213BDB233F0BA200DF10C2 /* LiveSurfaceUITests.swift in Sources */ = {isa = PBXBuildFile; fileRef = 54213BDA233F0BA200DF10C2 /* LiveSurfaceUITests.swift */; };
		54213BEA233F0C9B00DF10C2 /* Images.swift in Sources */ = {isa = PBXBuildFile; fileRef = 54213BE9233F0C9B00DF10C2 /* Images.swift */; };
		54213BED233F167700DF10C2 /* Network.swift in Sources */ = {isa = PBXBuildFile; fileRef = 54213BEC233F167700DF10C2 /* Network.swift */; };
		54213BF0233F1CB400DF10C2 /* ImagesViewModel.swift in Sources */ = {isa = PBXBuildFile; fileRef = 54213BEF233F1CB400DF10C2 /* ImagesViewModel.swift */; };
		54213BF5233F1DD200DF10C2 /* ImageCell.swift in Sources */ = {isa = PBXBuildFile; fileRef = 54213BF4233F1DD200DF10C2 /* ImageCell.swift */; };
		54213BF7233F203000DF10C2 /* ImageList.swift in Sources */ = {isa = PBXBuildFile; fileRef = 54213BF6233F203000DF10C2 /* ImageList.swift */; };
		54213BF9233F3CB400DF10C2 /* ImageService.swift in Sources */ = {isa = PBXBuildFile; fileRef = 54213BF8233F3CB400DF10C2 /* ImageService.swift */; };
		54213BFB233F3F2800DF10C2 /* ImageLoader.swift in Sources */ = {isa = PBXBuildFile; fileRef = 54213BFA233F3F2800DF10C2 /* ImageLoader.swift */; };
		54213BFD233F404E00DF10C2 /* LSImageView.swift in Sources */ = {isa = PBXBuildFile; fileRef = 54213BFC233F404E00DF10C2 /* LSImageView.swift */; };
		54213C02233FDC1600DF10C2 /* ImageMetadataView.swift in Sources */ = {isa = PBXBuildFile; fileRef = 54213C01233FDC1600DF10C2 /* ImageMetadataView.swift */; };
		54213C05233FE55E00DF10C2 /* ArrayExtensions.swift in Sources */ = {isa = PBXBuildFile; fileRef = 54213C04233FE55E00DF10C2 /* ArrayExtensions.swift */; };
		54213C072340128900DF10C2 /* ApplyFilterModalView.swift in Sources */ = {isa = PBXBuildFile; fileRef = 54213C062340128900DF10C2 /* ApplyFilterModalView.swift */; };
		54213C09234017D100DF10C2 /* FilterType.swift in Sources */ = {isa = PBXBuildFile; fileRef = 54213C08234017D100DF10C2 /* FilterType.swift */; };
/* End PBXBuildFile section */

/* Begin PBXContainerItemProxy section */
		54213BCC233F0BA200DF10C2 /* PBXContainerItemProxy */ = {
			isa = PBXContainerItemProxy;
			containerPortal = 54213BAD233F0B8D00DF10C2 /* Project object */;
			proxyType = 1;
			remoteGlobalIDString = 54213BB4233F0B8D00DF10C2;
			remoteInfo = LiveSurface;
		};
		54213BD7233F0BA200DF10C2 /* PBXContainerItemProxy */ = {
			isa = PBXContainerItemProxy;
			containerPortal = 54213BAD233F0B8D00DF10C2 /* Project object */;
			proxyType = 1;
			remoteGlobalIDString = 54213BB4233F0B8D00DF10C2;
			remoteInfo = LiveSurface;
		};
/* End PBXContainerItemProxy section */

/* Begin PBXFileReference section */
		54213BB5233F0B8E00DF10C2 /* LiveSurface.app */ = {isa = PBXFileReference; explicitFileType = wrapper.application; includeInIndex = 0; path = LiveSurface.app; sourceTree = BUILT_PRODUCTS_DIR; };
		54213BB8233F0B8E00DF10C2 /* AppDelegate.swift */ = {isa = PBXFileReference; lastKnownFileType = sourcecode.swift; path = AppDelegate.swift; sourceTree = "<group>"; };
		54213BBA233F0B8E00DF10C2 /* SceneDelegate.swift */ = {isa = PBXFileReference; lastKnownFileType = sourcecode.swift; path = SceneDelegate.swift; sourceTree = "<group>"; };
		54213BBC233F0B8E00DF10C2 /* ContentView.swift */ = {isa = PBXFileReference; lastKnownFileType = sourcecode.swift; path = ContentView.swift; sourceTree = "<group>"; };
		54213BBE233F0BA100DF10C2 /* Assets.xcassets */ = {isa = PBXFileReference; lastKnownFileType = folder.assetcatalog; path = Assets.xcassets; sourceTree = "<group>"; };
		54213BC1233F0BA100DF10C2 /* Preview Assets.xcassets */ = {isa = PBXFileReference; lastKnownFileType = folder.assetcatalog; path = "Preview Assets.xcassets"; sourceTree = "<group>"; };
		54213BC4233F0BA100DF10C2 /* Base */ = {isa = PBXFileReference; lastKnownFileType = file.storyboard; name = Base; path = Base.lproj/LaunchScreen.storyboard; sourceTree = "<group>"; };
		54213BC6233F0BA100DF10C2 /* Info.plist */ = {isa = PBXFileReference; lastKnownFileType = text.plist.xml; path = Info.plist; sourceTree = "<group>"; };
		54213BCB233F0BA200DF10C2 /* LiveSurfaceTests.xctest */ = {isa = PBXFileReference; explicitFileType = wrapper.cfbundle; includeInIndex = 0; path = LiveSurfaceTests.xctest; sourceTree = BUILT_PRODUCTS_DIR; };
		54213BCF233F0BA200DF10C2 /* LiveSurfaceTests.swift */ = {isa = PBXFileReference; lastKnownFileType = sourcecode.swift; path = LiveSurfaceTests.swift; sourceTree = "<group>"; };
		54213BD1233F0BA200DF10C2 /* Info.plist */ = {isa = PBXFileReference; lastKnownFileType = text.plist.xml; path = Info.plist; sourceTree = "<group>"; };
		54213BD6233F0BA200DF10C2 /* LiveSurfaceUITests.xctest */ = {isa = PBXFileReference; explicitFileType = wrapper.cfbundle; includeInIndex = 0; path = LiveSurfaceUITests.xctest; sourceTree = BUILT_PRODUCTS_DIR; };
		54213BDA233F0BA200DF10C2 /* LiveSurfaceUITests.swift */ = {isa = PBXFileReference; lastKnownFileType = sourcecode.swift; path = LiveSurfaceUITests.swift; sourceTree = "<group>"; };
		54213BDC233F0BA200DF10C2 /* Info.plist */ = {isa = PBXFileReference; lastKnownFileType = text.plist.xml; path = Info.plist; sourceTree = "<group>"; };
		54213BE9233F0C9B00DF10C2 /* Images.swift */ = {isa = PBXFileReference; lastKnownFileType = sourcecode.swift; path = Images.swift; sourceTree = "<group>"; };
		54213BEC233F167700DF10C2 /* Network.swift */ = {isa = PBXFileReference; lastKnownFileType = sourcecode.swift; path = Network.swift; sourceTree = "<group>"; };
		54213BEF233F1CB400DF10C2 /* ImagesViewModel.swift */ = {isa = PBXFileReference; lastKnownFileType = sourcecode.swift; path = ImagesViewModel.swift; sourceTree = "<group>"; };
		54213BF4233F1DD200DF10C2 /* ImageCell.swift */ = {isa = PBXFileReference; lastKnownFileType = sourcecode.swift; path = ImageCell.swift; sourceTree = "<group>"; };
		54213BF6233F203000DF10C2 /* ImageList.swift */ = {isa = PBXFileReference; lastKnownFileType = sourcecode.swift; path = ImageList.swift; sourceTree = "<group>"; };
		54213BF8233F3CB400DF10C2 /* ImageService.swift */ = {isa = PBXFileReference; lastKnownFileType = sourcecode.swift; path = ImageService.swift; sourceTree = "<group>"; };
		54213BFA233F3F2800DF10C2 /* ImageLoader.swift */ = {isa = PBXFileReference; lastKnownFileType = sourcecode.swift; path = ImageLoader.swift; sourceTree = "<group>"; };
		54213BFC233F404E00DF10C2 /* LSImageView.swift */ = {isa = PBXFileReference; lastKnownFileType = sourcecode.swift; path = LSImageView.swift; sourceTree = "<group>"; };
		54213C01233FDC1600DF10C2 /* ImageMetadataView.swift */ = {isa = PBXFileReference; lastKnownFileType = sourcecode.swift; path = ImageMetadataView.swift; sourceTree = "<group>"; };
		54213C04233FE55E00DF10C2 /* ArrayExtensions.swift */ = {isa = PBXFileReference; lastKnownFileType = sourcecode.swift; path = ArrayExtensions.swift; sourceTree = "<group>"; };
		54213C062340128900DF10C2 /* ApplyFilterModalView.swift */ = {isa = PBXFileReference; lastKnownFileType = sourcecode.swift; path = ApplyFilterModalView.swift; sourceTree = "<group>"; };
		54213C08234017D100DF10C2 /* FilterType.swift */ = {isa = PBXFileReference; lastKnownFileType = sourcecode.swift; path = FilterType.swift; sourceTree = "<group>"; };
/* End PBXFileReference section */

/* Begin PBXFrameworksBuildPhase section */
		54213BB2233F0B8D00DF10C2 /* Frameworks */ = {
			isa = PBXFrameworksBuildPhase;
			buildActionMask = 2147483647;
			files = (
			);
			runOnlyForDeploymentPostprocessing = 0;
		};
		54213BC8233F0BA200DF10C2 /* Frameworks */ = {
			isa = PBXFrameworksBuildPhase;
			buildActionMask = 2147483647;
			files = (
			);
			runOnlyForDeploymentPostprocessing = 0;
		};
		54213BD3233F0BA200DF10C2 /* Frameworks */ = {
			isa = PBXFrameworksBuildPhase;
			buildActionMask = 2147483647;
			files = (
			);
			runOnlyForDeploymentPostprocessing = 0;
		};
/* End PBXFrameworksBuildPhase section */

/* Begin PBXGroup section */
		54213BAC233F0B8D00DF10C2 = {
			isa = PBXGroup;
			children = (
				54213BB7233F0B8E00DF10C2 /* LiveSurface */,
				54213BCE233F0BA200DF10C2 /* LiveSurfaceTests */,
				54213BD9233F0BA200DF10C2 /* LiveSurfaceUITests */,
				54213BB6233F0B8E00DF10C2 /* Products */,
			);
			sourceTree = "<group>";
		};
		54213BB6233F0B8E00DF10C2 /* Products */ = {
			isa = PBXGroup;
			children = (
				54213BB5233F0B8E00DF10C2 /* LiveSurface.app */,
				54213BCB233F0BA200DF10C2 /* LiveSurfaceTests.xctest */,
				54213BD6233F0BA200DF10C2 /* LiveSurfaceUITests.xctest */,
			);
			name = Products;
			sourceTree = "<group>";
		};
		54213BB7233F0B8E00DF10C2 /* LiveSurface */ = {
			isa = PBXGroup;
			children = (
				54213C03233FE54900DF10C2 /* Extensions */,
				54213BFE233FCD4800DF10C2 /* ImageLoader */,
				54213BF1233F1DA000DF10C2 /* Views */,
				54213BEE233F1C4A00DF10C2 /* ViewModel */,
				54213BEB233F166100DF10C2 /* Network */,
				54213BE8233F0C8D00DF10C2 /* Model */,
				54213BB8233F0B8E00DF10C2 /* AppDelegate.swift */,
				54213BBA233F0B8E00DF10C2 /* SceneDelegate.swift */,
				54213BBE233F0BA100DF10C2 /* Assets.xcassets */,
				54213BC3233F0BA100DF10C2 /* LaunchScreen.storyboard */,
				54213BC6233F0BA100DF10C2 /* Info.plist */,
				54213BC0233F0BA100DF10C2 /* Preview Content */,
			);
			path = LiveSurface;
			sourceTree = "<group>";
		};
		54213BC0233F0BA100DF10C2 /* Preview Content */ = {
			isa = PBXGroup;
			children = (
				54213BC1233F0BA100DF10C2 /* Preview Assets.xcassets */,
			);
			path = "Preview Content";
			sourceTree = "<group>";
		};
		54213BCE233F0BA200DF10C2 /* LiveSurfaceTests */ = {
			isa = PBXGroup;
			children = (
				54213BCF233F0BA200DF10C2 /* LiveSurfaceTests.swift */,
				54213BD1233F0BA200DF10C2 /* Info.plist */,
			);
			path = LiveSurfaceTests;
			sourceTree = "<group>";
		};
		54213BD9233F0BA200DF10C2 /* LiveSurfaceUITests */ = {
			isa = PBXGroup;
			children = (
				54213BDA233F0BA200DF10C2 /* LiveSurfaceUITests.swift */,
				54213BDC233F0BA200DF10C2 /* Info.plist */,
			);
			path = LiveSurfaceUITests;
			sourceTree = "<group>";
		};
		54213BE8233F0C8D00DF10C2 /* Model */ = {
			isa = PBXGroup;
			children = (
				54213BE9233F0C9B00DF10C2 /* Images.swift */,
				54213C08234017D100DF10C2 /* FilterType.swift */,
			);
			path = Model;
			sourceTree = "<group>";
		};
		54213BEB233F166100DF10C2 /* Network */ = {
			isa = PBXGroup;
			children = (
				54213BEC233F167700DF10C2 /* Network.swift */,
			);
			path = Network;
			sourceTree = "<group>";
		};
		54213BEE233F1C4A00DF10C2 /* ViewModel */ = {
			isa = PBXGroup;
			children = (
				54213BEF233F1CB400DF10C2 /* ImagesViewModel.swift */,
			);
			path = ViewModel;
			sourceTree = "<group>";
		};
		54213BF1233F1DA000DF10C2 /* Views */ = {
			isa = PBXGroup;
			children = (
				54213BBC233F0B8E00DF10C2 /* ContentView.swift */,
				54213BF4233F1DD200DF10C2 /* ImageCell.swift */,
				54213BF6233F203000DF10C2 /* ImageList.swift */,
				54213BFC233F404E00DF10C2 /* LSImageView.swift */,
				54213C01233FDC1600DF10C2 /* ImageMetadataView.swift */,
				54213C062340128900DF10C2 /* ApplyFilterModalView.swift */,
			);
			path = Views;
			sourceTree = "<group>";
		};
		54213BFE233FCD4800DF10C2 /* ImageLoader */ = {
			isa = PBXGroup;
			children = (
				54213BFA233F3F2800DF10C2 /* ImageLoader.swift */,
				54213BF8233F3CB400DF10C2 /* ImageService.swift */,
			);
			path = ImageLoader;
			sourceTree = "<group>";
		};
		54213C03233FE54900DF10C2 /* Extensions */ = {
			isa = PBXGroup;
			children = (
				54213C04233FE55E00DF10C2 /* ArrayExtensions.swift */,
			);
			path = Extensions;
			sourceTree = "<group>";
		};
/* End PBXGroup section */

/* Begin PBXNativeTarget section */
		54213BB4233F0B8D00DF10C2 /* LiveSurface */ = {
			isa = PBXNativeTarget;
			buildConfigurationList = 54213BDF233F0BA200DF10C2 /* Build configuration list for PBXNativeTarget "LiveSurface" */;
			buildPhases = (
				54213BB1233F0B8D00DF10C2 /* Sources */,
				54213BB2233F0B8D00DF10C2 /* Frameworks */,
				54213BB3233F0B8D00DF10C2 /* Resources */,
			);
			buildRules = (
			);
			dependencies = (
			);
			name = LiveSurface;
			productName = LiveSurface;
			productReference = 54213BB5233F0B8E00DF10C2 /* LiveSurface.app */;
			productType = "com.apple.product-type.application";
		};
		54213BCA233F0BA200DF10C2 /* LiveSurfaceTests */ = {
			isa = PBXNativeTarget;
			buildConfigurationList = 54213BE2233F0BA200DF10C2 /* Build configuration list for PBXNativeTarget "LiveSurfaceTests" */;
			buildPhases = (
				54213BC7233F0BA200DF10C2 /* Sources */,
				54213BC8233F0BA200DF10C2 /* Frameworks */,
				54213BC9233F0BA200DF10C2 /* Resources */,
			);
			buildRules = (
			);
			dependencies = (
				54213BCD233F0BA200DF10C2 /* PBXTargetDependency */,
			);
			name = LiveSurfaceTests;
			productName = LiveSurfaceTests;
			productReference = 54213BCB233F0BA200DF10C2 /* LiveSurfaceTests.xctest */;
			productType = "com.apple.product-type.bundle.unit-test";
		};
		54213BD5233F0BA200DF10C2 /* LiveSurfaceUITests */ = {
			isa = PBXNativeTarget;
			buildConfigurationList = 54213BE5233F0BA200DF10C2 /* Build configuration list for PBXNativeTarget "LiveSurfaceUITests" */;
			buildPhases = (
				54213BD2233F0BA200DF10C2 /* Sources */,
				54213BD3233F0BA200DF10C2 /* Frameworks */,
				54213BD4233F0BA200DF10C2 /* Resources */,
			);
			buildRules = (
			);
			dependencies = (
				54213BD8233F0BA200DF10C2 /* PBXTargetDependency */,
			);
			name = LiveSurfaceUITests;
			productName = LiveSurfaceUITests;
			productReference = 54213BD6233F0BA200DF10C2 /* LiveSurfaceUITests.xctest */;
			productType = "com.apple.product-type.bundle.ui-testing";
		};
/* End PBXNativeTarget section */

/* Begin PBXProject section */
		54213BAD233F0B8D00DF10C2 /* Project object */ = {
			isa = PBXProject;
			attributes = {
				LastSwiftUpdateCheck = 1100;
				LastUpgradeCheck = 1100;
				ORGANIZATIONNAME = "Rob Booth";
				TargetAttributes = {
					54213BB4233F0B8D00DF10C2 = {
						CreatedOnToolsVersion = 11.0;
					};
					54213BCA233F0BA200DF10C2 = {
						CreatedOnToolsVersion = 11.0;
						TestTargetID = 54213BB4233F0B8D00DF10C2;
					};
					54213BD5233F0BA200DF10C2 = {
						CreatedOnToolsVersion = 11.0;
						TestTargetID = 54213BB4233F0B8D00DF10C2;
					};
				};
			};
			buildConfigurationList = 54213BB0233F0B8D00DF10C2 /* Build configuration list for PBXProject "LiveSurface" */;
			compatibilityVersion = "Xcode 9.3";
			developmentRegion = en;
			hasScannedForEncodings = 0;
			knownRegions = (
				en,
				Base,
			);
			mainGroup = 54213BAC233F0B8D00DF10C2;
			productRefGroup = 54213BB6233F0B8E00DF10C2 /* Products */;
			projectDirPath = "";
			projectRoot = "";
			targets = (
				54213BB4233F0B8D00DF10C2 /* LiveSurface */,
				54213BCA233F0BA200DF10C2 /* LiveSurfaceTests */,
				54213BD5233F0BA200DF10C2 /* LiveSurfaceUITests */,
			);
		};
/* End PBXProject section */

/* Begin PBXResourcesBuildPhase section */
		54213BB3233F0B8D00DF10C2 /* Resources */ = {
			isa = PBXResourcesBuildPhase;
			buildActionMask = 2147483647;
			files = (
				54213BC5233F0BA100DF10C2 /* LaunchScreen.storyboard in Resources */,
				54213BC2233F0BA100DF10C2 /* Preview Assets.xcassets in Resources */,
				54213BBF233F0BA100DF10C2 /* Assets.xcassets in Resources */,
			);
			runOnlyForDeploymentPostprocessing = 0;
		};
		54213BC9233F0BA200DF10C2 /* Resources */ = {
			isa = PBXResourcesBuildPhase;
			buildActionMask = 2147483647;
			files = (
			);
			runOnlyForDeploymentPostprocessing = 0;
		};
		54213BD4233F0BA200DF10C2 /* Resources */ = {
			isa = PBXResourcesBuildPhase;
			buildActionMask = 2147483647;
			files = (
			);
			runOnlyForDeploymentPostprocessing = 0;
		};
/* End PBXResourcesBuildPhase section */

/* Begin PBXSourcesBuildPhase section */
		54213BB1233F0B8D00DF10C2 /* Sources */ = {
			isa = PBXSourcesBuildPhase;
			buildActionMask = 2147483647;
			files = (
				54213C05233FE55E00DF10C2 /* ArrayExtensions.swift in Sources */,
				54213BF5233F1DD200DF10C2 /* ImageCell.swift in Sources */,
				54213BF7233F203000DF10C2 /* ImageList.swift in Sources */,
				54213BFB233F3F2800DF10C2 /* ImageLoader.swift in Sources */,
				54213BF9233F3CB400DF10C2 /* ImageService.swift in Sources */,
				54213C09234017D100DF10C2 /* FilterType.swift in Sources */,
				54213BF0233F1CB400DF10C2 /* ImagesViewModel.swift in Sources */,
				54213BED233F167700DF10C2 /* Network.swift in Sources */,
				54213BB9233F0B8E00DF10C2 /* AppDelegate.swift in Sources */,
				54213BEA233F0C9B00DF10C2 /* Images.swift in Sources */,
				54213C072340128900DF10C2 /* ApplyFilterModalView.swift in Sources */,
				54213BFD233F404E00DF10C2 /* LSImageView.swift in Sources */,
				54213C02233FDC1600DF10C2 /* ImageMetadataView.swift in Sources */,
				54213BBB233F0B8E00DF10C2 /* SceneDelegate.swift in Sources */,
				54213BBD233F0B8E00DF10C2 /* ContentView.swift in Sources */,
			);
			runOnlyForDeploymentPostprocessing = 0;
		};
		54213BC7233F0BA200DF10C2 /* Sources */ = {
			isa = PBXSourcesBuildPhase;
			buildActionMask = 2147483647;
			files = (
				54213BD0233F0BA200DF10C2 /* LiveSurfaceTests.swift in Sources */,
			);
			runOnlyForDeploymentPostprocessing = 0;
		};
		54213BD2233F0BA200DF10C2 /* Sources */ = {
			isa = PBXSourcesBuildPhase;
			buildActionMask = 2147483647;
			files = (
				54213BDB233F0BA200DF10C2 /* LiveSurfaceUITests.swift in Sources */,
			);
			runOnlyForDeploymentPostprocessing = 0;
		};
/* End PBXSourcesBuildPhase section */

/* Begin PBXTargetDependency section */
		54213BCD233F0BA200DF10C2 /* PBXTargetDependency */ = {
			isa = PBXTargetDependency;
			target = 54213BB4233F0B8D00DF10C2 /* LiveSurface */;
			targetProxy = 54213BCC233F0BA200DF10C2 /* PBXContainerItemProxy */;
		};
		54213BD8233F0BA200DF10C2 /* PBXTargetDependency */ = {
			isa = PBXTargetDependency;
			target = 54213BB4233F0B8D00DF10C2 /* LiveSurface */;
			targetProxy = 54213BD7233F0BA200DF10C2 /* PBXContainerItemProxy */;
		};
/* End PBXTargetDependency section */

/* Begin PBXVariantGroup section */
		54213BC3233F0BA100DF10C2 /* LaunchScreen.storyboard */ = {
			isa = PBXVariantGroup;
			children = (
				54213BC4233F0BA100DF10C2 /* Base */,
			);
			name = LaunchScreen.storyboard;
			sourceTree = "<group>";
		};
/* End PBXVariantGroup section */

/* Begin XCBuildConfiguration section */
		54213BDD233F0BA200DF10C2 /* Debug */ = {
			isa = XCBuildConfiguration;
			buildSettings = {
				ALWAYS_SEARCH_USER_PATHS = NO;
				CLANG_ANALYZER_NONNULL = YES;
				CLANG_ANALYZER_NUMBER_OBJECT_CONVERSION = YES_AGGRESSIVE;
				CLANG_CXX_LANGUAGE_STANDARD = "gnu++14";
				CLANG_CXX_LIBRARY = "libc++";
				CLANG_ENABLE_MODULES = YES;
				CLANG_ENABLE_OBJC_ARC = YES;
				CLANG_ENABLE_OBJC_WEAK = YES;
				CLANG_WARN_BLOCK_CAPTURE_AUTORELEASING = YES;
				CLANG_WARN_BOOL_CONVERSION = YES;
				CLANG_WARN_COMMA = YES;
				CLANG_WARN_CONSTANT_CONVERSION = YES;
				CLANG_WARN_DEPRECATED_OBJC_IMPLEMENTATIONS = YES;
				CLANG_WARN_DIRECT_OBJC_ISA_USAGE = YES_ERROR;
				CLANG_WARN_DOCUMENTATION_COMMENTS = YES;
				CLANG_WARN_EMPTY_BODY = YES;
				CLANG_WARN_ENUM_CONVERSION = YES;
				CLANG_WARN_INFINITE_RECURSION = YES;
				CLANG_WARN_INT_CONVERSION = YES;
				CLANG_WARN_NON_LITERAL_NULL_CONVERSION = YES;
				CLANG_WARN_OBJC_IMPLICIT_RETAIN_SELF = YES;
				CLANG_WARN_OBJC_LITERAL_CONVERSION = YES;
				CLANG_WARN_OBJC_ROOT_CLASS = YES_ERROR;
				CLANG_WARN_RANGE_LOOP_ANALYSIS = YES;
				CLANG_WARN_STRICT_PROTOTYPES = YES;
				CLANG_WARN_SUSPICIOUS_MOVE = YES;
				CLANG_WARN_UNGUARDED_AVAILABILITY = YES_AGGRESSIVE;
				CLANG_WARN_UNREACHABLE_CODE = YES;
				CLANG_WARN__DUPLICATE_METHOD_MATCH = YES;
				COPY_PHASE_STRIP = NO;
				DEBUG_INFORMATION_FORMAT = dwarf;
				ENABLE_STRICT_OBJC_MSGSEND = YES;
				ENABLE_TESTABILITY = YES;
				GCC_C_LANGUAGE_STANDARD = gnu11;
				GCC_DYNAMIC_NO_PIC = NO;
				GCC_NO_COMMON_BLOCKS = YES;
				GCC_OPTIMIZATION_LEVEL = 0;
				GCC_PREPROCESSOR_DEFINITIONS = (
					"DEBUG=1",
					"$(inherited)",
				);
				GCC_WARN_64_TO_32_BIT_CONVERSION = YES;
				GCC_WARN_ABOUT_RETURN_TYPE = YES_ERROR;
				GCC_WARN_UNDECLARED_SELECTOR = YES;
				GCC_WARN_UNINITIALIZED_AUTOS = YES_AGGRESSIVE;
				GCC_WARN_UNUSED_FUNCTION = YES;
				GCC_WARN_UNUSED_VARIABLE = YES;
				IPHONEOS_DEPLOYMENT_TARGET = 13.0;
				MTL_ENABLE_DEBUG_INFO = INCLUDE_SOURCE;
				MTL_FAST_MATH = YES;
				ONLY_ACTIVE_ARCH = YES;
				SDKROOT = iphoneos;
				SWIFT_ACTIVE_COMPILATION_CONDITIONS = DEBUG;
				SWIFT_OPTIMIZATION_LEVEL = "-Onone";
			};
			name = Debug;
		};
		54213BDE233F0BA200DF10C2 /* Release */ = {
			isa = XCBuildConfiguration;
			buildSettings = {
				ALWAYS_SEARCH_USER_PATHS = NO;
				CLANG_ANALYZER_NONNULL = YES;
				CLANG_ANALYZER_NUMBER_OBJECT_CONVERSION = YES_AGGRESSIVE;
				CLANG_CXX_LANGUAGE_STANDARD = "gnu++14";
				CLANG_CXX_LIBRARY = "libc++";
				CLANG_ENABLE_MODULES = YES;
				CLANG_ENABLE_OBJC_ARC = YES;
				CLANG_ENABLE_OBJC_WEAK = YES;
				CLANG_WARN_BLOCK_CAPTURE_AUTORELEASING = YES;
				CLANG_WARN_BOOL_CONVERSION = YES;
				CLANG_WARN_COMMA = YES;
				CLANG_WARN_CONSTANT_CONVERSION = YES;
				CLANG_WARN_DEPRECATED_OBJC_IMPLEMENTATIONS = YES;
				CLANG_WARN_DIRECT_OBJC_ISA_USAGE = YES_ERROR;
				CLANG_WARN_DOCUMENTATION_COMMENTS = YES;
				CLANG_WARN_EMPTY_BODY = YES;
				CLANG_WARN_ENUM_CONVERSION = YES;
				CLANG_WARN_INFINITE_RECURSION = YES;
				CLANG_WARN_INT_CONVERSION = YES;
				CLANG_WARN_NON_LITERAL_NULL_CONVERSION = YES;
				CLANG_WARN_OBJC_IMPLICIT_RETAIN_SELF = YES;
				CLANG_WARN_OBJC_LITERAL_CONVERSION = YES;
				CLANG_WARN_OBJC_ROOT_CLASS = YES_ERROR;
				CLANG_WARN_RANGE_LOOP_ANALYSIS = YES;
				CLANG_WARN_STRICT_PROTOTYPES = YES;
				CLANG_WARN_SUSPICIOUS_MOVE = YES;
				CLANG_WARN_UNGUARDED_AVAILABILITY = YES_AGGRESSIVE;
				CLANG_WARN_UNREACHABLE_CODE = YES;
				CLANG_WARN__DUPLICATE_METHOD_MATCH = YES;
				COPY_PHASE_STRIP = NO;
				DEBUG_INFORMATION_FORMAT = "dwarf-with-dsym";
				ENABLE_NS_ASSERTIONS = NO;
				ENABLE_STRICT_OBJC_MSGSEND = YES;
				GCC_C_LANGUAGE_STANDARD = gnu11;
				GCC_NO_COMMON_BLOCKS = YES;
				GCC_WARN_64_TO_32_BIT_CONVERSION = YES;
				GCC_WARN_ABOUT_RETURN_TYPE = YES_ERROR;
				GCC_WARN_UNDECLARED_SELECTOR = YES;
				GCC_WARN_UNINITIALIZED_AUTOS = YES_AGGRESSIVE;
				GCC_WARN_UNUSED_FUNCTION = YES;
				GCC_WARN_UNUSED_VARIABLE = YES;
				IPHONEOS_DEPLOYMENT_TARGET = 13.0;
				MTL_ENABLE_DEBUG_INFO = NO;
				MTL_FAST_MATH = YES;
				SDKROOT = iphoneos;
				SWIFT_COMPILATION_MODE = wholemodule;
				SWIFT_OPTIMIZATION_LEVEL = "-O";
				VALIDATE_PRODUCT = YES;
			};
			name = Release;
		};
		54213BE0233F0BA200DF10C2 /* Debug */ = {
			isa = XCBuildConfiguration;
			buildSettings = {
				ASSETCATALOG_COMPILER_APPICON_NAME = AppIcon;
				CODE_SIGN_STYLE = Automatic;
				DEVELOPMENT_ASSET_PATHS = "\"LiveSurface/Preview Content\"";
				DEVELOPMENT_TEAM = 9C5R4TQX7A;
				ENABLE_PREVIEWS = YES;
				INFOPLIST_FILE = LiveSurface/Info.plist;
				LD_RUNPATH_SEARCH_PATHS = (
					"$(inherited)",
					"@executable_path/Frameworks",
				);
				PRODUCT_BUNDLE_IDENTIFIER = com.robobooth.LiveSurface;
				PRODUCT_NAME = "$(TARGET_NAME)";
				SWIFT_VERSION = 5.0;
				TARGETED_DEVICE_FAMILY = 2;
			};
			name = Debug;
		};
		54213BE1233F0BA200DF10C2 /* Release */ = {
			isa = XCBuildConfiguration;
			buildSettings = {
				ASSETCATALOG_COMPILER_APPICON_NAME = AppIcon;
				CODE_SIGN_STYLE = Automatic;
				DEVELOPMENT_ASSET_PATHS = "\"LiveSurface/Preview Content\"";
				DEVELOPMENT_TEAM = 9C5R4TQX7A;
				ENABLE_PREVIEWS = YES;
				INFOPLIST_FILE = LiveSurface/Info.plist;
				LD_RUNPATH_SEARCH_PATHS = (
					"$(inherited)",
					"@executable_path/Frameworks",
				);
				PRODUCT_BUNDLE_IDENTIFIER = com.robobooth.LiveSurface;
				PRODUCT_NAME = "$(TARGET_NAME)";
				SWIFT_VERSION = 5.0;
				TARGETED_DEVICE_FAMILY = 2;
			};
			name = Release;
		};
		54213BE3233F0BA200DF10C2 /* Debug */ = {
			isa = XCBuildConfiguration;
			buildSettings = {
				ALWAYS_EMBED_SWIFT_STANDARD_LIBRARIES = YES;
				BUNDLE_LOADER = "$(TEST_HOST)";
				CODE_SIGN_STYLE = Automatic;
				DEVELOPMENT_TEAM = 9C5R4TQX7A;
				INFOPLIST_FILE = LiveSurfaceTests/Info.plist;
				IPHONEOS_DEPLOYMENT_TARGET = 13.0;
				LD_RUNPATH_SEARCH_PATHS = (
					"$(inherited)",
					"@executable_path/Frameworks",
					"@loader_path/Frameworks",
				);
				PRODUCT_BUNDLE_IDENTIFIER = com.robobooth.LiveSurfaceTests;
				PRODUCT_NAME = "$(TARGET_NAME)";
				SWIFT_VERSION = 5.0;
				TARGETED_DEVICE_FAMILY = "1,2";
				TEST_HOST = "$(BUILT_PRODUCTS_DIR)/LiveSurface.app/LiveSurface";
			};
			name = Debug;
		};
		54213BE4233F0BA200DF10C2 /* Release */ = {
			isa = XCBuildConfiguration;
			buildSettings = {
				ALWAYS_EMBED_SWIFT_STANDARD_LIBRARIES = YES;
				BUNDLE_LOADER = "$(TEST_HOST)";
				CODE_SIGN_STYLE = Automatic;
				DEVELOPMENT_TEAM = 9C5R4TQX7A;
				INFOPLIST_FILE = LiveSurfaceTests/Info.plist;
				IPHONEOS_DEPLOYMENT_TARGET = 13.0;
				LD_RUNPATH_SEARCH_PATHS = (
					"$(inherited)",
					"@executable_path/Frameworks",
					"@loader_path/Frameworks",
				);
				PRODUCT_BUNDLE_IDENTIFIER = com.robobooth.LiveSurfaceTests;
				PRODUCT_NAME = "$(TARGET_NAME)";
				SWIFT_VERSION = 5.0;
				TARGETED_DEVICE_FAMILY = "1,2";
				TEST_HOST = "$(BUILT_PRODUCTS_DIR)/LiveSurface.app/LiveSurface";
			};
			name = Release;
		};
		54213BE6233F0BA200DF10C2 /* Debug */ = {
			isa = XCBuildConfiguration;
			buildSettings = {
				ALWAYS_EMBED_SWIFT_STANDARD_LIBRARIES = YES;
				CODE_SIGN_STYLE = Automatic;
				DEVELOPMENT_TEAM = 9C5R4TQX7A;
				INFOPLIST_FILE = LiveSurfaceUITests/Info.plist;
				LD_RUNPATH_SEARCH_PATHS = (
					"$(inherited)",
					"@executable_path/Frameworks",
					"@loader_path/Frameworks",
				);
				PRODUCT_BUNDLE_IDENTIFIER = com.robobooth.LiveSurfaceUITests;
				PRODUCT_NAME = "$(TARGET_NAME)";
				SWIFT_VERSION = 5.0;
				TARGETED_DEVICE_FAMILY = "1,2";
				TEST_TARGET_NAME = LiveSurface;
			};
			name = Debug;
		};
		54213BE7233F0BA200DF10C2 /* Release */ = {
			isa = XCBuildConfiguration;
			buildSettings = {
				ALWAYS_EMBED_SWIFT_STANDARD_LIBRARIES = YES;
				CODE_SIGN_STYLE = Automatic;
				DEVELOPMENT_TEAM = 9C5R4TQX7A;
				INFOPLIST_FILE = LiveSurfaceUITests/Info.plist;
				LD_RUNPATH_SEARCH_PATHS = (
					"$(inherited)",
					"@executable_path/Frameworks",
					"@loader_path/Frameworks",
				);
				PRODUCT_BUNDLE_IDENTIFIER = com.robobooth.LiveSurfaceUITests;
				PRODUCT_NAME = "$(TARGET_NAME)";
				SWIFT_VERSION = 5.0;
				TARGETED_DEVICE_FAMILY = "1,2";
				TEST_TARGET_NAME = LiveSurface;
			};
			name = Release;
		};
/* End XCBuildConfiguration section */

/* Begin XCConfigurationList section */
		54213BB0233F0B8D00DF10C2 /* Build configuration list for PBXProject "LiveSurface" */ = {
			isa = XCConfigurationList;
			buildConfigurations = (
				54213BDD233F0BA200DF10C2 /* Debug */,
				54213BDE233F0BA200DF10C2 /* Release */,
			);
			defaultConfigurationIsVisible = 0;
			defaultConfigurationName = Release;
		};
		54213BDF233F0BA200DF10C2 /* Build configuration list for PBXNativeTarget "LiveSurface" */ = {
			isa = XCConfigurationList;
			buildConfigurations = (
				54213BE0233F0BA200DF10C2 /* Debug */,
				54213BE1233F0BA200DF10C2 /* Release */,
			);
			defaultConfigurationIsVisible = 0;
			defaultConfigurationName = Release;
		};
		54213BE2233F0BA200DF10C2 /* Build configuration list for PBXNativeTarget "LiveSurfaceTests" */ = {
			isa = XCConfigurationList;
			buildConfigurations = (
				54213BE3233F0BA200DF10C2 /* Debug */,
				54213BE4233F0BA200DF10C2 /* Release */,
			);
			defaultConfigurationIsVisible = 0;
			defaultConfigurationName = Release;
		};
		54213BE5233F0BA200DF10C2 /* Build configuration list for PBXNativeTarget "LiveSurfaceUITests" */ = {
			isa = XCConfigurationList;
			buildConfigurations = (
				54213BE6233F0BA200DF10C2 /* Debug */,
				54213BE7233F0BA200DF10C2 /* Release */,
			);
			defaultConfigurationIsVisible = 0;
			defaultConfigurationName = Release;
		};
/* End XCConfigurationList section */
	};
	rootObject = 54213BAD233F0B8D00DF10C2 /* Project object */;
}
